
Microsoft Visual Studio Solution File, Format Version 12.00
# Visual Studio Version 17
VisualStudioVersion = 17.0.31903.59
MinimumVisualStudioVersion = 10.0.40219.1
Project("{2150E333-8FDC-42A3-9474-1A3956D46DE8}") = "src", "src", "{827E0CD3-B72D-47B6-A68D-7590B98EB39B}"
EndProject
Project("{FAE04EC0-301F-11D3-BF4B-00C04F79EFBC}") = "Matiz.Core", "src\Matiz.Core\Matiz.Core.csproj", "{13B39D1F-FFE3-4FFF-BA3F-6469DFF466BD}"
EndProject
Project("{FAE04EC0-301F-11D3-BF4B-00C04F79EFBC}") = "Matiz.App", "src\Matiz.App\Matiz.App.csproj", "{8BD04FC4-794B-4BD1-9EDF-B24D1E66510E}"
EndProject
Project("{2150E333-8FDC-42A3-9474-1A3956D46DE8}") = "tests", "tests", "{0AB3BF05-4346-4AA6-1389-037BE0695223}"
EndProject
Project("{FAE04EC0-301F-11D3-BF4B-00C04F79EFBC}") = "Matiz.Core.Tests", "tests\Matiz.Core.Tests\Matiz.Core.Tests.csproj", "{9366B213-68C8-48E0-BF55-143B05DC4A91}"
EndProject
Project("{FAE04EC0-301F-11D3-BF4B-00C04F79EFBC}") = "Matiz.App.Tests", "tests\Matiz.App.Tests\Matiz.App.Tests.csproj", "{C18784CC-97C8-45A6-A2DA-36E0FCDE1291}"
EndProject
Global
	GlobalSection(SolutionConfigurationPlatforms) = preSolution
		Debug|Any CPU = Debug|Any CPU
		Debug|x64 = Debug|x64
		Debug|x86 = Debug|x86
		Release|Any CPU = Release|Any CPU
		Release|x64 = Release|x64
		Release|x86 = Release|x86
	EndGlobalSection
	GlobalSection(ProjectConfigurationPlatforms) = postSolution
		{13B39D1F-FFE3-4FFF-BA3F-6469DFF466BD}.Debug|Any CPU.ActiveCfg = Debug|Any CPU
		{13B39D1F-FFE3-4FFF-BA3F-6469DFF466BD}.Debug|Any CPU.Build.0 = Debug|Any CPU
		{13B39D1F-FFE3-4FFF-BA3F-6469DFF466BD}.Debug|x64.ActiveCfg = Debug|Any CPU
		{13B39D1F-FFE3-4FFF-BA3F-6469DFF466BD}.Debug|x64.Build.0 = Debug|Any CPU
		{13B39D1F-FFE3-4FFF-BA3F-6469DFF466BD}.Debug|x86.ActiveCfg = Debug|Any CPU
		{13B39D1F-FFE3-4FFF-BA3F-6469DFF466BD}.Debug|x86.Build.0 = Debug|Any CPU
		{13B39D1F-FFE3-4FFF-BA3F-6469DFF466BD}.Release|Any CPU.ActiveCfg = Release|Any CPU
		{13B39D1F-FFE3-4FFF-BA3F-6469DFF466BD}.Release|Any CPU.Build.0 = Release|Any CPU
		{13B39D1F-FFE3-4FFF-BA3F-6469DFF466BD}.Release|x64.ActiveCfg = Release|Any CPU
		{13B39D1F-FFE3-4FFF-BA3F-6469DFF466BD}.Release|x64.Build.0 = Release|Any CPU
		{13B39D1F-FFE3-4FFF-BA3F-6469DFF466BD}.Release|x86.ActiveCfg = Release|Any CPU
		{13B39D1F-FFE3-4FFF-BA3F-6469DFF466BD}.Release|x86.Build.0 = Release|Any CPU
		{8BD04FC4-794B-4BD1-9EDF-B24D1E66510E}.Debug|Any CPU.ActiveCfg = Debug|Any CPU
		{8BD04FC4-794B-4BD1-9EDF-B24D1E66510E}.Debug|Any CPU.Build.0 = Debug|Any CPU
		{8BD04FC4-794B-4BD1-9EDF-B24D1E66510E}.Debug|x64.ActiveCfg = Debug|Any CPU
		{8BD04FC4-794B-4BD1-9EDF-B24D1E66510E}.Debug|x64.Build.0 = Debug|Any CPU
		{8BD04FC4-794B-4BD1-9EDF-B24D1E66510E}.Debug|x86.ActiveCfg = Debug|Any CPU
		{8BD04FC4-794B-4BD1-9EDF-B24D1E66510E}.Debug|x86.Build.0 = Debug|Any CPU
		{8BD04FC4-794B-4BD1-9EDF-B24D1E66510E}.Release|Any CPU.ActiveCfg = Release|Any CPU
		{8BD04FC4-794B-4BD1-9EDF-B24D1E66510E}.Release|Any CPU.Build.0 = Release|Any CPU
		{8BD04FC4-794B-4BD1-9EDF-B24D1E66510E}.Release|x64.ActiveCfg = Release|Any CPU
		{8BD04FC4-794B-4BD1-9EDF-B24D1E66510E}.Release|x64.Build.0 = Release|Any CPU
		{8BD04FC4-794B-4BD1-9EDF-B24D1E66510E}.Release|x86.ActiveCfg = Release|Any CPU
		{8BD04FC4-794B-4BD1-9EDF-B24D1E66510E}.Release|x86.Build.0 = Release|Any CPU
		{9366B213-68C8-48E0-BF55-143B05DC4A91}.Debug|Any CPU.ActiveCfg = Debug|Any CPU
		{9366B213-68C8-48E0-BF55-143B05DC4A91}.Debug|Any CPU.Build.0 = Debug|Any CPU
		{9366B213-68C8-48E0-BF55-143B05DC4A91}.Debug|x64.ActiveCfg = Debug|Any CPU
		{9366B213-68C8-48E0-BF55-143B05DC4A91}.Debug|x64.Build.0 = Debug|Any CPU
		{9366B213-68C8-48E0-BF55-143B05DC4A91}.Debug|x86.ActiveCfg = Debug|Any CPU
		{9366B213-68C8-48E0-BF55-143B05DC4A91}.Debug|x86.Build.0 = Debug|Any CPU
		{9366B213-68C8-48E0-BF55-143B05DC4A91}.Release|Any CPU.ActiveCfg = Release|Any CPU
		{9366B213-68C8-48E0-BF55-143B05DC4A91}.Release|Any CPU.Build.0 = Release|Any CPU
		{9366B213-68C8-48E0-BF55-143B05DC4A91}.Release|x64.ActiveCfg = Release|Any CPU
		{9366B213-68C8-48E0-BF55-143B05DC4A91}.Release|x64.Build.0 = Release|Any CPU
		{9366B213-68C8-48E0-BF55-143B05DC4A91}.Release|x86.ActiveCfg = Release|Any CPU
		{9366B213-68C8-48E0-BF55-143B05DC4A91}.Release|x86.Build.0 = Release|Any CPU
		{C18784CC-97C8-45A6-A2DA-36E0FCDE1291}.Debug|Any CPU.ActiveCfg = Debug|Any CPU
		{C18784CC-97C8-45A6-A2DA-36E0FCDE1291}.Debug|Any CPU.Build.0 = Debug|Any CPU
		{C18784CC-97C8-45A6-A2DA-36E0FCDE1291}.Debug|x64.ActiveCfg = Debug|Any CPU
		{C18784CC-97C8-45A6-A2DA-36E0FCDE1291}.Debug|x64.Build.0 = Debug|Any CPU
		{C18784CC-97C8-45A6-A2DA-36E0FCDE1291}.Debug|x86.ActiveCfg = Debug|Any CPU
		{C18784CC-97C8-45A6-A2DA-36E0FCDE1291}.Debug|x86.Build.0 = Debug|Any CPU
		{C18784CC-97C8-45A6-A2DA-36E0FCDE1291}.Release|Any CPU.ActiveCfg = Release|Any CPU
		{C18784CC-97C8-45A6-A2DA-36E0FCDE1291}.Release|Any CPU.Build.0 = Release|Any CPU
		{C18784CC-97C8-45A6-A2DA-36E0FCDE1291}.Release|x64.ActiveCfg = Release|Any CPU
		{C18784CC-97C8-45A6-A2DA-36E0FCDE1291}.Release|x64.Build.0 = Release|Any CPU
		{C18784CC-97C8-45A6-A2DA-36E0FCDE1291}.Release|x86.ActiveCfg = Release|Any CPU
		{C18784CC-97C8-45A6-A2DA-36E0FCDE1291}.Release|x86.Build.0 = Release|Any CPU
	EndGlobalSection
	GlobalSection(SolutionProperties) = preSolution
		HideSolutionNode = FALSE
	EndGlobalSection
	GlobalSection(NestedProjects) = preSolution
		{13B39D1F-FFE3-4FFF-BA3F-6469DFF466BD} = {827E0CD3-B72D-47B6-A68D-7590B98EB39B}
		{8BD04FC4-794B-4BD1-9EDF-B24D1E66510E} = {827E0CD3-B72D-47B6-A68D-7590B98EB39B}
		{9366B213-68C8-48E0-BF55-143B05DC4A91} = {0AB3BF05-4346-4AA6-1389-037BE0695223}
		{C18784CC-97C8-45A6-A2DA-36E0FCDE1291} = {0AB3BF05-4346-4AA6-1389-037BE0695223}
	EndGlobalSection
EndGlobal
